// !$*UTF8*$!
{
	archiveVersion = 1;
	classes = {
	};
	objectVersion = 46;
	objects = {

/* Begin PBXBuildFile section */
		2288EB4D1B61071600D4717D /* AppDelegate.swift in Sources */ = {isa = PBXBuildFile; fileRef = 2288EB4C1B61071600D4717D /* AppDelegate.swift */; };
		2288EB4F1B61071600D4717D /* FirstViewController.swift in Sources */ = {isa = PBXBuildFile; fileRef = 2288EB4E1B61071600D4717D /* FirstViewController.swift */; };
		2288EB511B61071600D4717D /* SecondViewController.swift in Sources */ = {isa = PBXBuildFile; fileRef = 2288EB501B61071600D4717D /* SecondViewController.swift */; };
		2288EB541B61071600D4717D /* Main.storyboard in Resources */ = {isa = PBXBuildFile; fileRef = 2288EB521B61071600D4717D /* Main.storyboard */; };
		2288EB561B61071600D4717D /* Assets.xcassets in Resources */ = {isa = PBXBuildFile; fileRef = 2288EB551B61071600D4717D /* Assets.xcassets */; };
		2288EB591B61071600D4717D /* LaunchScreen.storyboard in Resources */ = {isa = PBXBuildFile; fileRef = 2288EB571B61071600D4717D /* LaunchScreen.storyboard */; };
/* End PBXBuildFile section */

/* Begin PBXFileReference section */
		2288EB491B61071600D4717D /* GreenGrocer.app */ = {isa = PBXFileReference; explicitFileType = wrapper.application; includeInIndex = 0; path = GreenGrocer.app; sourceTree = BUILT_PRODUCTS_DIR; };
		2288EB4C1B61071600D4717D /* AppDelegate.swift */ = {isa = PBXFileReference; lastKnownFileType = sourcecode.swift; path = AppDelegate.swift; sourceTree = "<group>"; };
		2288EB4E1B61071600D4717D /* FirstViewController.swift */ = {isa = PBXFileReference; lastKnownFileType = sourcecode.swift; path = FirstViewController.swift; sourceTree = "<group>"; };
		2288EB501B61071600D4717D /* SecondViewController.swift */ = {isa = PBXFileReference; lastKnownFileType = sourcecode.swift; path = SecondViewController.swift; sourceTree = "<group>"; };
		2288EB531B61071600D4717D /* Base */ = {isa = PBXFileReference; lastKnownFileType = file.storyboard; name = Base; path = Base.lproj/Main.storyboard; sourceTree = "<group>"; };
		2288EB551B61071600D4717D /* Assets.xcassets */ = {isa = PBXFileReference; lastKnownFileType = folder.assetcatalog; path = Assets.xcassets; sourceTree = "<group>"; };
		2288EB581B61071600D4717D /* Base */ = {isa = PBXFileReference; lastKnownFileType = file.storyboard; name = Base; path = Base.lproj/LaunchScreen.storyboard; sourceTree = "<group>"; };
		2288EB5A1B61071600D4717D /* Info.plist */ = {isa = PBXFileReference; lastKnownFileType = text.plist.xml; path = Info.plist; sourceTree = "<group>"; };
/* End PBXFileReference section */

/* Begin PBXFrameworksBuildPhase section */
		2288EB461B61071600D4717D /* Frameworks */ = {
			isa = PBXFrameworksBuildPhase;
			buildActionMask = 2147483647;
			files = (
			);
			runOnlyForDeploymentPostprocessing = 0;
		};
/* End PBXFrameworksBuildPhase section */

/* Begin PBXGroup section */
		2288EB401B61071600D4717D = {
			isa = PBXGroup;
			children = (
				2288EB4B1B61071600D4717D /* GreenGrocer */,
				2288EB4A1B61071600D4717D /* Products */,
			);
			sourceTree = "<group>";
		};
		2288EB4A1B61071600D4717D /* Products */ = {
			isa = PBXGroup;
			children = (
				2288EB491B61071600D4717D /* GreenGrocer.app */,
			);
			name = Products;
			sourceTree = "<group>";
		};
		2288EB4B1B61071600D4717D /* GreenGrocer */ = {
			isa = PBXGroup;
			children = (
				2288EB4C1B61071600D4717D /* AppDelegate.swift */,
				2288EB4E1B61071600D4717D /* FirstViewController.swift */,
				2288EB501B61071600D4717D /* SecondViewController.swift */,
				2288EB521B61071600D4717D /* Main.storyboard */,
				2288EB551B61071600D4717D /* Assets.xcassets */,
				2288EB571B61071600D4717D /* LaunchScreen.storyboard */,
				2288EB5A1B61071600D4717D /* Info.plist */,
			);
			path = GreenGrocer;
			sourceTree = "<group>";
		};
/* End PBXGroup section */

/* Begin PBXNativeTarget section */
		2288EB481B61071600D4717D /* GreenGrocer */ = {
			isa = PBXNativeTarget;
			buildConfigurationList = 2288EB5D1B61071600D4717D /* Build configuration list for PBXNativeTarget "GreenGrocer" */;
			buildPhases = (
				2288EB451B61071600D4717D /* Sources */,
				2288EB461B61071600D4717D /* Frameworks */,
				2288EB471B61071600D4717D /* Resources */,
			);
			buildRules = (
			);
			dependencies = (
			);
			name = GreenGrocer;
			productName = GreenGrocer;
			productReference = 2288EB491B61071600D4717D /* GreenGrocer.app */;
			productType = "com.apple.product-type.application";
		};
/* End PBXNativeTarget section */

/* Begin PBXProject section */
		2288EB411B61071600D4717D /* Project object */ = {
			isa = PBXProject;
			attributes = {
				LastUpgradeCheck = 0700;
				ORGANIZATIONNAME = Razeware;
				TargetAttributes = {
					2288EB481B61071600D4717D = {
						CreatedOnToolsVersion = 7.0;
					};
				};
			};
			buildConfigurationList = 2288EB441B61071600D4717D /* Build configuration list for PBXProject "GreenGrocer" */;
			compatibilityVersion = "Xcode 3.2";
			developmentRegion = English;
			hasScannedForEncodings = 0;
			knownRegions = (
				en,
				Base,
			);
			mainGroup = 2288EB401B61071600D4717D;
			productRefGroup = 2288EB4A1B61071600D4717D /* Products */;
			projectDirPath = "";
			projectRoot = "";
			targets = (
				2288EB481B61071600D4717D /* GreenGrocer */,
			);
		};
/* End PBXProject section */

/* Begin PBXResourcesBuildPhase section */
		2288EB471B61071600D4717D /* Resources */ = {
			isa = PBXResourcesBuildPhase;
			buildActionMask = 2147483647;
			files = (
				2288EB591B61071600D4717D /* LaunchScreen.storyboard in Resources */,
				2288EB561B61071600D4717D /* Assets.xcassets in Resources */,
				2288EB541B61071600D4717D /* Main.storyboard in Resources */,
			);
			runOnlyForDeploymentPostprocessing = 0;
		};
/* End PBXResourcesBuildPhase section */

/* Begin PBXSourcesBuildPhase section */
		2288EB451B61071600D4717D /* Sources */ = {
			isa = PBXSourcesBuildPhase;
			buildActionMask = 2147483647;
			files = (
				2288EB511B61071600D4717D /* SecondViewController.swift in Sources */,
				2288EB4D1B61071600D4717D /* AppDelegate.swift in Sources */,
				2288EB4F1B61071600D4717D /* FirstViewController.swift in Sources */,
			);
			runOnlyForDeploymentPostprocessing = 0;
		};
/* End PBXSourcesBuildPhase section */

/* Begin PBXVariantGroup section */
		2288EB521B61071600D4717D /* Main.storyboard */ = {
			isa = PBXVariantGroup;
			children = (
				2288EB531B61071600D4717D /* Base */,
			);
			name = Main.storyboard;
			sourceTree = "<group>";
		};
		2288EB571B61071600D4717D /* LaunchScreen.storyboard */ = {
			isa = PBXVariantGroup;
			children = (
				2288EB581B61071600D4717D /* Base */,
			);
			name = LaunchScreen.storyboard;
			sourceTree = "<group>";
		};
/* End PBXVariantGroup section */

/* Begin XCBuildConfiguration section */
		2288EB5B1B61071600D4717D /* Debug */ = {
			isa = XCBuildConfiguration;
			buildSettings = {
				ALWAYS_SEARCH_USER_PATHS = NO;
				CLANG_CXX_LANGUAGE_STANDARD = "gnu++0x";
				CLANG_CXX_LIBRARY = "libc++";
				CLANG_ENABLE_MODULES = YES;
				CLANG_ENABLE_OBJC_ARC = YES;
				CLANG_WARN_BOOL_CONVERSION = YES;
				CLANG_WARN_CONSTANT_CONVERSION = YES;
				CLANG_WARN_DIRECT_OBJC_ISA_USAGE = YES_ERROR;
				CLANG_WARN_EMPTY_BODY = YES;
				CLANG_WARN_ENUM_CONVERSION = YES;
				CLANG_WARN_INT_CONVERSION = YES;
				CLANG_WARN_OBJC_ROOT_CLASS = YES_ERROR;
				CLANG_WARN_UNREACHABLE_CODE = YES;
				CLANG_WARN__DUPLICATE_METHOD_MATCH = YES;
				"CODE_SIGN_IDENTITY[sdk=iphoneos*]" = "iPhone Developer";
				COPY_PHASE_STRIP = NO;
				DEBUG_INFORMATION_FORMAT = dwarf;
				ENABLE_STRICT_OBJC_MSGSEND = YES;
				ENABLE_TESTABILITY = YES;
				GCC_C_LANGUAGE_STANDARD = gnu99;
				GCC_DYNAMIC_NO_PIC = NO;
				GCC_NO_COMMON_BLOCKS = YES;
				GCC_OPTIMIZATION_LEVEL = 0;
				GCC_PREPROCESSOR_DEFINITIONS = (
					"DEBUG=1",
					"$(inherited)",
				);
				GCC_WARN_64_TO_32_BIT_CONVERSION = YES;
				GCC_WARN_ABOUT_RETURN_TYPE = YES_ERROR;
				GCC_WARN_UNDECLARED_SELECTOR = YES;
				GCC_WARN_UNINITIALIZED_AUTOS = YES_AGGRESSIVE;
				GCC_WARN_UNUSED_FUNCTION = YES;
				GCC_WARN_UNUSED_VARIABLE = YES;
				IPHONEOS_DEPLOYMENT_TARGET = 9.0;
				MTL_ENABLE_DEBUG_INFO = YES;
				ONLY_ACTIVE_ARCH = YES;
				SDKROOT = iphoneos;
				SWIFT_OPTIMIZATION_LEVEL = "-Onone";
				TARGETED_DEVICE_FAMILY = "1,2";
			};
			name = Debug;
		};
		2288EB5C1B61071600D4717D /* Release */ = {
			isa = XCBuildConfiguration;
			buildSettings = {
				ALWAYS_SEARCH_USER_PATHS = NO;
				CLANG_CXX_LANGUAGE_STANDARD = "gnu++0x";
				CLANG_CXX_LIBRARY = "libc++";
				CLANG_ENABLE_MODULES = YES;
				CLANG_ENABLE_OBJC_ARC = YES;
				CLANG_WARN_BOOL_CONVERSION = YES;
				CLANG_WARN_CONSTANT_CONVERSION = YES;
				CLANG_WARN_DIRECT_OBJC_ISA_USAGE = YES_ERROR;
				CLANG_WARN_EMPTY_BODY = YES;
				CLANG_WARN_ENUM_CONVERSION = YES;
				CLANG_WARN_INT_CONVERSION = YES;
				CLANG_WARN_OBJC_ROOT_CLASS = YES_ERROR;
				CLANG_WARN_UNREACHABLE_CODE = YES;
				CLANG_WARN__DUPLICATE_METHOD_MATCH = YES;
				"CODE_SIGN_IDENTITY[sdk=iphoneos*]" = "iPhone Developer";
				COPY_PHASE_STRIP = NO;
				DEBUG_INFORMATION_FORMAT = "dwarf-with-dsym";
				ENABLE_NS_ASSERTIONS = NO;
				ENABLE_STRICT_OBJC_MSGSEND = YES;
				GCC_C_LANGUAGE_STANDARD = gnu99;
				GCC_NO_COMMON_BLOCKS = YES;
				GCC_WARN_64_TO_32_BIT_CONVERSION = YES;
				GCC_WARN_ABOUT_RETURN_TYPE = YES_ERROR;
				GCC_WARN_UNDECLARED_SELECTOR = YES;
				GCC_WARN_UNINITIALIZED_AUTOS = YES_AGGRESSIVE;
				GCC_WARN_UNUSED_FUNCTION = YES;
				GCC_WARN_UNUSED_VARIABLE = YES;
				IPHONEOS_DEPLOYMENT_TARGET = 9.0;
				MTL_ENABLE_DEBUG_INFO = NO;
				SDKROOT = iphoneos;
				TARGETED_DEVICE_FAMILY = "1,2";
				VALIDATE_PRODUCT = YES;
			};
			name = Release;
		};
		2288EB5E1B61071600D4717D /* Debug */ = {
			isa = XCBuildConfiguration;
			buildSettings = {
				ASSETCATALOG_COMPILER_APPICON_NAME = AppIcon;
				INFOPLIST_FILE = GreenGrocer/Info.plist;
				LD_RUNPATH_SEARCH_PATHS = "$(inherited) @executable_path/Frameworks";
				PRODUCT_BUNDLE_IDENTIFIER = com.razeware.GreenGrocer;
				PRODUCT_NAME = "$(TARGET_NAME)";
			};
			name = Debug;
		};
		2288EB5F1B61071600D4717D /* Release */ = {
			isa = XCBuildConfiguration;
			buildSettings = {
				ASSETCATALOG_COMPILER_APPICON_NAME = AppIcon;
				INFOPLIST_FILE = GreenGrocer/Info.plist;
				LD_RUNPATH_SEARCH_PATHS = "$(inherited) @executable_path/Frameworks";
				PRODUCT_BUNDLE_IDENTIFIER = com.razeware.GreenGrocer;
				PRODUCT_NAME = "$(TARGET_NAME)";
			};
			name = Release;
		};
/* End XCBuildConfiguration section */

/* Begin XCConfigurationList section */
		2288EB441B61071600D4717D /* Build configuration list for PBXProject "GreenGrocer" */ = {
			isa = XCConfigurationList;
			buildConfigurations = (
				2288EB5B1B61071600D4717D /* Debug */,
				2288EB5C1B61071600D4717D /* Release */,
			);
			defaultConfigurationIsVisible = 0;
			defaultConfigurationName = Release;
		};
		2288EB5D1B61071600D4717D /* Build configuration list for PBXNativeTarget "GreenGrocer" */ = {
			isa = XCConfigurationList;
			buildConfigurations = (
				2288EB5E1B61071600D4717D /* Debug */,
				2288EB5F1B61071600D4717D /* Release */,
			);
			defaultConfigurationIsVisible = 0;
		};
/* End XCConfigurationList section */
	};
	rootObject = 2288EB411B61071600D4717D /* Project object */;
}
